
Microsoft Visual Studio Solution File, Format Version 12.00
# Visual Studio 2012
Project("{FAE04EC0-301F-11D3-BF4B-00C04F79EFBC}") = "CWS", "CWS.csproj", "{C61F5A7C-02A6-4568-B411-A6C949473882}"
EndProject
Global
	GlobalSection(SolutionConfigurationPlatforms) = preSolution
		Debug|Any CPU = Debug|Any CPU
		Release|Any CPU = Release|Any CPU
	EndGlobalSection
	GlobalSection(ProjectConfigurationPlatforms) = postSolution
		{C61F5A7C-02A6-4568-B411-A6C949473882}.Debug|Any CPU.ActiveCfg = Debug|Any CPU
		{C61F5A7C-02A6-4568-B411-A6C949473882}.Debug|Any CPU.Build.0 = Debug|Any CPU
		{C61F5A7C-02A6-4568-B411-A6C949473882}.Release|Any CPU.ActiveCfg = Release|Any CPU
		{C61F5A7C-02A6-4568-B411-A6C949473882}.Release|Any CPU.Build.0 = Release|Any CPU
	EndGlobalSection
EndGlobal
